lockfile_version: '1'
apm_version: 0.29.1
dependencies:
- repo_url: obra/superpowers
  name: superpowers
  host: github.com
  resolved_commit: b36e0829c6d0140e93cfef2ca599b1b07d4a7797
  version: 6.3.0
  package_type: skill_bundle
  content_hash: sha256:680dd955e1b2ae42486a354278e0780eed4b268e26e2450e6cd61414e206ae3d
  is_dev: true
  declared_license: MIT
deployments: []
