lockfile_version: '1'
apm_version: 0.29.1
dependencies:
- repo_url: 199-biotechnologies/claude-deep-research-skill
  name: deep-research
  host: github.com
  resolved_commit: f2f2c0fa4e7617ca84c86b63f4bb40f77a746933
  version: unknown
  package_type: claude_skill
  content_hash: sha256:ea1e3a0f58097c73f41654a9934b92c74c05a866e26a89d1947fb27e7eaab325
  is_dev: true
- repo_url: aiskillstore/marketplace
  name: writing-clearly-and-concisely
  host: github.com
  resolved_commit: f7130a5b2c8c16873aa67d8d2a1f957bdf079b8b
  version: unknown
  virtual_path: skills/cygnusfear/writing-clearly-and-concisely
  is_virtual: true
  package_type: claude_skill
  content_hash: sha256:469feab7ebcd7b7d5f637cee186d3cd68f83d0c387e248db189000dfe8f687da
  is_dev: true
- repo_url: forjd/better-writing
  name: better-writing
  host: github.com
  resolved_commit: dd9d0a50581a7652fb38f03b7b751741ed917993
  version: unknown
  package_type: claude_skill
  content_hash: sha256:3afb9a0560ec72bd7b89664ae3b812fd5d54863bf6ae870528b65935ae5e3794
  is_dev: true
- repo_url: wiseiodev/skills
  name: code-principles
  host: github.com
  resolved_commit: ae79570be5fce303716025fa0a70d18459ae2f97
  version: unknown
  virtual_path: code-principles
  is_virtual: true
  package_type: claude_skill
  content_hash: sha256:91e5d974073fe0cf2a2fec514a50700fea0efa4d6fda5613d4d10ee63b52c23f
  is_dev: true
deployments: []
