lockfile_version: '1'
generated_at: '2026-08-25T19:02:00.673800+00:00'
apm_version: 0.13.0
dependencies:
- repo_url: plannotator/effective-html
  host: github.com
  resolved_commit: d95debbaef15af1d201fc6c10c77cf92b524a0d6
  package_type: marketplace_plugin
  deployed_files:
  - .agents/skills/design-artifact
  - .agents/skills/html
  - .agents/skills/html-diagram
  - .agents/skills/html-plan
  - .agents/skills/html-prototype
  - .agents/skills/html-wireframe
  content_hash: sha256:6dd117d0302f2c48c9d7ab3a9ed95a3e417c6d28b903961dd2bcfa2badbdda23
