lockfile_version: '1'
apm_version: 0.29.1
dependencies:
- repo_url: danshapiro/trycycle
  name: trycycle
  host: github.com
  resolved_commit: eb25b5141187b667096d948198617075f8e8e55a
  version: unknown
  package_type: claude_skill
  content_hash: sha256:8ca12a875bbd30173bc600303cb40a3c6a5e01fe14577652ff55e426e2e49544
  is_dev: true
- repo_url: hefgi/skills
  name: shortcut
  host: github.com
  resolved_commit: d22289fff77cce0b2df1ebbcdb641c9ce0e1881b
  version: unknown
  virtual_path: shortcut
  is_virtual: true
  package_type: claude_skill
  content_hash: sha256:c8e8c62e311d1edffef6ec6aca2fd28fc4241513bfb201f077f3e3336b6d7369
  is_dev: true
- repo_url: openai/skills
  name: cli-creator
  host: github.com
  resolved_commit: 49f948faa9258a0c61caceaf225e179651397431
  version: unknown
  virtual_path: skills/.curated/cli-creator
  is_virtual: true
  package_type: claude_skill
  content_hash: sha256:c8548eec5d64000583c0dc409d4354f2ef119067caa1fedd730287ba650741f1
  is_dev: true
deployments: []
