lockfile_version: '1'
generated_at: '2026-09-03T01:39:15.104227+00:00'
apm_version: 0.28.0
dependencies:
- repo_url: 199-biotechnologies/claude-deep-research-skill
  name: deep-research
  host: github.com
  resolved_commit: f2f2c0fa4e7617ca84c86b63f4bb40f77a746933
  version: unknown
  package_type: claude_skill
  deployed_files:
  - .agents/skills/claude-deep-research-skill
  - .agents/skills/claude-deep-research-skill/.gitignore
  - .agents/skills/claude-deep-research-skill/README.md
  - .agents/skills/claude-deep-research-skill/SKILL.md
  - .agents/skills/claude-deep-research-skill/reference/continuation.md
  - .agents/skills/claude-deep-research-skill/reference/html-generation.md
  - .agents/skills/claude-deep-research-skill/reference/methodology.md
  - .agents/skills/claude-deep-research-skill/reference/quality-gates.md
  - .agents/skills/claude-deep-research-skill/reference/report-assembly.md
  - .agents/skills/claude-deep-research-skill/reference/weasyprint_guidelines.md
  - .agents/skills/claude-deep-research-skill/requirements.txt
  - .agents/skills/claude-deep-research-skill/schemas/claim.schema.json
  - .agents/skills/claude-deep-research-skill/schemas/evidence.schema.json
  - .agents/skills/claude-deep-research-skill/schemas/run_manifest.schema.json
  - .agents/skills/claude-deep-research-skill/schemas/source.schema.json
  - .agents/skills/claude-deep-research-skill/scripts/citation_manager.py
  - .agents/skills/claude-deep-research-skill/scripts/evidence_store.py
  - .agents/skills/claude-deep-research-skill/scripts/extract_claims.py
  - .agents/skills/claude-deep-research-skill/scripts/md_to_html.py
  - .agents/skills/claude-deep-research-skill/scripts/research_engine.py
  - .agents/skills/claude-deep-research-skill/scripts/source_evaluator.py
  - .agents/skills/claude-deep-research-skill/scripts/validate_report.py
  - .agents/skills/claude-deep-research-skill/scripts/verify_citations.py
  - .agents/skills/claude-deep-research-skill/scripts/verify_claim_support.py
  - .agents/skills/claude-deep-research-skill/scripts/verify_html.py
  - .agents/skills/claude-deep-research-skill/templates/mckinsey_report_template.html
  - .agents/skills/claude-deep-research-skill/templates/report_template.md
  - .agents/skills/claude-deep-research-skill/tests/fixtures/invalid_report.md
  - .agents/skills/claude-deep-research-skill/tests/fixtures/valid_report.md
  - .agents/skills/claude-deep-research-skill/tests/test_citation_manager.py
  - .agents/skills/claude-deep-research-skill/tests/test_evidence_store.py
  - .agents/skills/claude-deep-research-skill/tests/test_extract_claims.py
  - .agents/skills/claude-deep-research-skill/tests/test_verify_claim_support.py
  deployed_file_hashes:
    .agents/skills/claude-deep-research-skill/.gitignore: sha256:d7298b4ebea3ed98f8e5cd5fa3bed70dc854d513daad892e350ea729fc69ae3f
    .agents/skills/claude-deep-research-skill/README.md: sha256:27d8c58f22baca259a657713d43eadafd3eb1b981cd88d12df77dfb091b6fddd
    .agents/skills/claude-deep-research-skill/SKILL.md: sha256:0c8e777eb13d37b4d5130f59c9237a82528224ba31b58b774cd490a742df8620
    .agents/skills/claude-deep-research-skill/reference/continuation.md: sha256:0ed19331d7c7f5775536dfd39c0ae3ce3466ab5797464fa247efdfeea5f7913d
    .agents/skills/claude-deep-research-skill/reference/html-generation.md: sha256:a8ebc64d52b7cd9a78fee69f1f274f1ab791106ebd3449f17800735146ef644f
    .agents/skills/claude-deep-research-skill/reference/methodology.md: sha256:d17cab6a258c2b5fe8514b0eda88395fe0d3dac3711c21480f2229e182666ec5
    .agents/skills/claude-deep-research-skill/reference/quality-gates.md: sha256:60b969ceee0346d7e219a66b881c554f0fa452ff5a598d858f7a8e30a19fc24d
    .agents/skills/claude-deep-research-skill/reference/report-assembly.md: sha256:22a41bbd6fe7bf60542ee5b2f5d0db2608371283d273881d2f3758e9a90e6fdf
    .agents/skills/claude-deep-research-skill/reference/weasyprint_guidelines.md: sha256:d70421ea6985664d9fd1feaae94f36e3c749e74eb8703bc67236df9489165cdb
    .agents/skills/claude-deep-research-skill/requirements.txt: sha256:de63fe8300f89040ccfb6229aee53b61345fa478946e043587d7f65d46df4ffa
    .agents/skills/claude-deep-research-skill/schemas/claim.schema.json: sha256:1e0b780f12bdb35bc3bc9cd07becf1d7f5f30de88bd9fb99fe357d3d91f8e9dd
    .agents/skills/claude-deep-research-skill/schemas/evidence.schema.json: sha256:98939f1fc14006bea38404349818585ca6818a749ddf63aafbf933a19eef3e00
    .agents/skills/claude-deep-research-skill/schemas/run_manifest.schema.json: sha256:34abe54027d76bec15f716c9ea471baed533a6f4c1a3db2a85ef80831b9274ec
    .agents/skills/claude-deep-research-skill/schemas/source.schema.json: sha256:2ac2697ec8c2578c4fe550da5ab4c3dcb5e4de4fa0141e726919085a023aff49
    .agents/skills/claude-deep-research-skill/scripts/citation_manager.py: sha256:02334e5286b2a541fb2a6409959ea43ac7bc8b749d3cbeb427ff7fafb78d1a02
    .agents/skills/claude-deep-research-skill/scripts/evidence_store.py: sha256:6deba75f5902be0d272f2992f54988b8a316fc4bc44cd3b094b812bb4409d140
    .agents/skills/claude-deep-research-skill/scripts/extract_claims.py: sha256:21a3cbfe711e466926e47b60a5294a82f3f956310309c469fc8a429203a56eb8
    .agents/skills/claude-deep-research-skill/scripts/md_to_html.py: sha256:506c38771d32fbccf931a27b7b64cf20c0df5113b2914b051c17e9d178fc1b17
    .agents/skills/claude-deep-research-skill/scripts/research_engine.py: sha256:5eb7ef01642e8158d7e7d8eb044a71aca3334493f4b2c6d7b4e1299e074cbfd6
    .agents/skills/claude-deep-research-skill/scripts/source_evaluator.py: sha256:8421efa7b862bb139108e6da40b285706188cb272843bf39082c8b9888d5050e
    .agents/skills/claude-deep-research-skill/scripts/validate_report.py: sha256:851c1de275c039b8e5858785010181500960b05a9be463cdd6cecd5bbf101aa3
    .agents/skills/claude-deep-research-skill/scripts/verify_citations.py: sha256:b77a9430aa2c9aec47a88434237879a02db75f87cd35a2429a5d7584f234f6ef
    .agents/skills/claude-deep-research-skill/scripts/verify_claim_support.py: sha256:b172e88a3844e1ba590a7fc9a9d141ef310f5e628231e77448e9c45a7d881bc8
    .agents/skills/claude-deep-research-skill/scripts/verify_html.py: sha256:28bbba06906fa2f9bae87ea20b68390ce4f4bc76f00343991a8ad2119e21b36c
    .agents/skills/claude-deep-research-skill/templates/mckinsey_report_template.html: sha256:6b2d742f5279e78df71543bfb6c4fd88d7ee1c726b54fa945616307b2157c1f1
    .agents/skills/claude-deep-research-skill/templates/report_template.md: sha256:50788e213c78d42a2fcedbfe153e4c34bbea5b7b978f8646f1b4b5c83ba04115
    .agents/skills/claude-deep-research-skill/tests/fixtures/invalid_report.md: sha256:9b5177dbd31b80ea1d1e16f159989f232f6b6875dbc7ea7fddf70ba1fd0ad311
    .agents/skills/claude-deep-research-skill/tests/fixtures/valid_report.md: sha256:e6a24a5deec1ec65279cb446c58f9309a3d6f4e040e37f1bda09c64a73829b5a
    .agents/skills/claude-deep-research-skill/tests/test_citation_manager.py: sha256:5e882bdd6c32403e95942bab56fb0ef09543468a0a289a336fb01c0453d8fb1e
    .agents/skills/claude-deep-research-skill/tests/test_evidence_store.py: sha256:2c88f366833808cd7ad89784993eea8ba4c832d560fed6503182e919b339ddfc
    .agents/skills/claude-deep-research-skill/tests/test_extract_claims.py: sha256:9b6ce7fe815f95b1e238ed3c1ba6e65b22d5bc8abbc4599e50fcf6063692c0d7
    .agents/skills/claude-deep-research-skill/tests/test_verify_claim_support.py: sha256:5402a8d6ca02fe6cfd3d73b0208191e78e00561ad5932e793ca4bfb88ac4c651
  content_hash: sha256:ea1e3a0f58097c73f41654a9934b92c74c05a866e26a89d1947fb27e7eaab325
- repo_url: wiseiodev/skills
  name: code-principles
  host: github.com
  resolved_commit: ae79570be5fce303716025fa0a70d18459ae2f97
  version: unknown
  virtual_path: code-principles
  is_virtual: true
  package_type: claude_skill
  deployed_files:
  - .agents/skills/code-principles
  - .agents/skills/code-principles/SKILL.md
  - .agents/skills/code-principles/references/api-design.md
  - .agents/skills/code-principles/references/architecture.md
  - .agents/skills/code-principles/references/design.md
  - .agents/skills/code-principles/references/meta.md
  - .agents/skills/code-principles/references/react.md
  - .agents/skills/code-principles/references/resilience.md
  - .agents/skills/code-principles/references/simplicity.md
  - .agents/skills/code-principles/references/solid.md
  - .agents/skills/code-principles/references/testing.md
  deployed_file_hashes:
    .agents/skills/code-principles/SKILL.md: sha256:e3cff746aac887713bf75a9ab6bdef186b77dadd8faeb4368a0b905fc6c555ec
    .agents/skills/code-principles/references/api-design.md: sha256:982aeadc4bbe07761d33a35dd864d7f1f3d4021d896e23f29d984061b2a5ac19
    .agents/skills/code-principles/references/architecture.md: sha256:2ad309b33220fde99f57409ea52ed3af7883c18705cb4f3f39a41b85d16c017e
    .agents/skills/code-principles/references/design.md: sha256:a04a429a5aaaa8d8bdbd61d7855ee5703b5d629b6af42f3a7c2fbd8e2047c3ee
    .agents/skills/code-principles/references/meta.md: sha256:7a7e75c6fc19354b831faf2b36ebf223bc36e3c7d0342c5ad3d2704eca303c15
    .agents/skills/code-principles/references/react.md: sha256:9ce867db4149dcef6e207d655ebead1228067320ac59468ff6db9fcad1ddb963
    .agents/skills/code-principles/references/resilience.md: sha256:8ce73ed7e1d24651d47103fe648e0223886ed54a535d9b0293aebbf2f1d860dc
    .agents/skills/code-principles/references/simplicity.md: sha256:58f736749fa1acf5a6095f71fafd195f30f96cc9c11545bfa30762c38132796f
    .agents/skills/code-principles/references/solid.md: sha256:0e31bcb8a3b195515692200a776d02cd4eaf639dbaccddcd61098f0f33e9070a
    .agents/skills/code-principles/references/testing.md: sha256:48df5b09557c3b8cb4d9bfc56ff215f6bfe91222012fa62ba301a6dc80dfa22d
  content_hash: sha256:91e5d974073fe0cf2a2fec514a50700fea0efa4d6fda5613d4d10ee63b52c23f
deployments:
- kind: project-relative
  target: agent-skills
  value: .agents/skills/claude-deep-research-skill
  runtime: null
  scope: project
  owners:
  - 199-biotechnologies/claude-deep-research-skill
  active_owner: 199-biotechnologies/claude-deep-research-skill
  content_hash: null
- kind: project-relative
  target: agent-skills
  value: .agents/skills/claude-deep-research-skill/.gitignore
  runtime: null
  scope: project
  owners:
  - 199-biotechnologies/claude-deep-research-skill
  active_owner: 199-biotechnologies/claude-deep-research-skill
  content_hash: sha256:d7298b4ebea3ed98f8e5cd5fa3bed70dc854d513daad892e350ea729fc69ae3f
- kind: project-relative
  target: agent-skills
  value: .agents/skills/claude-deep-research-skill/README.md
  runtime: null
  scope: project
  owners:
  - 199-biotechnologies/claude-deep-research-skill
  active_owner: 199-biotechnologies/claude-deep-research-skill
  content_hash: sha256:27d8c58f22baca259a657713d43eadafd3eb1b981cd88d12df77dfb091b6fddd
- kind: project-relative
  target: agent-skills
  value: .agents/skills/claude-deep-research-skill/SKILL.md
  runtime: null
  scope: project
  owners:
  - 199-biotechnologies/claude-deep-research-skill
  active_owner: 199-biotechnologies/claude-deep-research-skill
  content_hash: sha256:0c8e777eb13d37b4d5130f59c9237a82528224ba31b58b774cd490a742df8620
- kind: project-relative
  target: agent-skills
  value: .agents/skills/claude-deep-research-skill/reference/continuation.md
  runtime: null
  scope: project
  owners:
  - 199-biotechnologies/claude-deep-research-skill
  active_owner: 199-biotechnologies/claude-deep-research-skill
  content_hash: sha256:0ed19331d7c7f5775536dfd39c0ae3ce3466ab5797464fa247efdfeea5f7913d
- kind: project-relative
  target: agent-skills
  value: .agents/skills/claude-deep-research-skill/reference/html-generation.md
  runtime: null
  scope: project
  owners:
  - 199-biotechnologies/claude-deep-research-skill
  active_owner: 199-biotechnologies/claude-deep-research-skill
  content_hash: sha256:a8ebc64d52b7cd9a78fee69f1f274f1ab791106ebd3449f17800735146ef644f
- kind: project-relative
  target: agent-skills
  value: .agents/skills/claude-deep-research-skill/reference/methodology.md
  runtime: null
  scope: project
  owners:
  - 199-biotechnologies/claude-deep-research-skill
  active_owner: 199-biotechnologies/claude-deep-research-skill
  content_hash: sha256:d17cab6a258c2b5fe8514b0eda88395fe0d3dac3711c21480f2229e182666ec5
- kind: project-relative
  target: agent-skills
  value: .agents/skills/claude-deep-research-skill/reference/quality-gates.md
  runtime: null
  scope: project
  owners:
  - 199-biotechnologies/claude-deep-research-skill
  active_owner: 199-biotechnologies/claude-deep-research-skill
  content_hash: sha256:60b969ceee0346d7e219a66b881c554f0fa452ff5a598d858f7a8e30a19fc24d
- kind: project-relative
  target: agent-skills
  value: .agents/skills/claude-deep-research-skill/reference/report-assembly.md
  runtime: null
  scope: project
  owners:
  - 199-biotechnologies/claude-deep-research-skill
  active_owner: 199-biotechnologies/claude-deep-research-skill
  content_hash: sha256:22a41bbd6fe7bf60542ee5b2f5d0db2608371283d273881d2f3758e9a90e6fdf
- kind: project-relative
  target: agent-skills
  value: .agents/skills/claude-deep-research-skill/reference/weasyprint_guidelines.md
  runtime: null
  scope: project
  owners:
  - 199-biotechnologies/claude-deep-research-skill
  active_owner: 199-biotechnologies/claude-deep-research-skill
  content_hash: sha256:d70421ea6985664d9fd1feaae94f36e3c749e74eb8703bc67236df9489165cdb
- kind: project-relative
  target: agent-skills
  value: .agents/skills/claude-deep-research-skill/requirements.txt
  runtime: null
  scope: project
  owners:
  - 199-biotechnologies/claude-deep-research-skill
  active_owner: 199-biotechnologies/claude-deep-research-skill
  content_hash: sha256:de63fe8300f89040ccfb6229aee53b61345fa478946e043587d7f65d46df4ffa
- kind: project-relative
  target: agent-skills
  value: .agents/skills/claude-deep-research-skill/schemas/claim.schema.json
  runtime: null
  scope: project
  owners:
  - 199-biotechnologies/claude-deep-research-skill
  active_owner: 199-biotechnologies/claude-deep-research-skill
  content_hash: sha256:1e0b780f12bdb35bc3bc9cd07becf1d7f5f30de88bd9fb99fe357d3d91f8e9dd
- kind: project-relative
  target: agent-skills
  value: .agents/skills/claude-deep-research-skill/schemas/evidence.schema.json
  runtime: null
  scope: project
  owners:
  - 199-biotechnologies/claude-deep-research-skill
  active_owner: 199-biotechnologies/claude-deep-research-skill
  content_hash: sha256:98939f1fc14006bea38404349818585ca6818a749ddf63aafbf933a19eef3e00
- kind: project-relative
  target: agent-skills
  value: .agents/skills/claude-deep-research-skill/schemas/run_manifest.schema.json
  runtime: null
  scope: project
  owners:
  - 199-biotechnologies/claude-deep-research-skill
  active_owner: 199-biotechnologies/claude-deep-research-skill
  content_hash: sha256:34abe54027d76bec15f716c9ea471baed533a6f4c1a3db2a85ef80831b9274ec
- kind: project-relative
  target: agent-skills
  value: .agents/skills/claude-deep-research-skill/schemas/source.schema.json
  runtime: null
  scope: project
  owners:
  - 199-biotechnologies/claude-deep-research-skill
  active_owner: 199-biotechnologies/claude-deep-research-skill
  content_hash: sha256:2ac2697ec8c2578c4fe550da5ab4c3dcb5e4de4fa0141e726919085a023aff49
- kind: project-relative
  target: agent-skills
  value: .agents/skills/claude-deep-research-skill/scripts/citation_manager.py
  runtime: null
  scope: project
  owners:
  - 199-biotechnologies/claude-deep-research-skill
  active_owner: 199-biotechnologies/claude-deep-research-skill
  content_hash: sha256:02334e5286b2a541fb2a6409959ea43ac7bc8b749d3cbeb427ff7fafb78d1a02
- kind: project-relative
  target: agent-skills
  value: .agents/skills/claude-deep-research-skill/scripts/evidence_store.py
  runtime: null
  scope: project
  owners:
  - 199-biotechnologies/claude-deep-research-skill
  active_owner: 199-biotechnologies/claude-deep-research-skill
  content_hash: sha256:6deba75f5902be0d272f2992f54988b8a316fc4bc44cd3b094b812bb4409d140
- kind: project-relative
  target: agent-skills
  value: .agents/skills/claude-deep-research-skill/scripts/extract_claims.py
  runtime: null
  scope: project
  owners:
  - 199-biotechnologies/claude-deep-research-skill
  active_owner: 199-biotechnologies/claude-deep-research-skill
  content_hash: sha256:21a3cbfe711e466926e47b60a5294a82f3f956310309c469fc8a429203a56eb8
- kind: project-relative
  target: agent-skills
  value: .agents/skills/claude-deep-research-skill/scripts/md_to_html.py
  runtime: null
  scope: project
  owners:
  - 199-biotechnologies/claude-deep-research-skill
  active_owner: 199-biotechnologies/claude-deep-research-skill
  content_hash: sha256:506c38771d32fbccf931a27b7b64cf20c0df5113b2914b051c17e9d178fc1b17
- kind: project-relative
  target: agent-skills
  value: .agents/skills/claude-deep-research-skill/scripts/research_engine.py
  runtime: null
  scope: project
  owners:
  - 199-biotechnologies/claude-deep-research-skill
  active_owner: 199-biotechnologies/claude-deep-research-skill
  content_hash: sha256:5eb7ef01642e8158d7e7d8eb044a71aca3334493f4b2c6d7b4e1299e074cbfd6
- kind: project-relative
  target: agent-skills
  value: .agents/skills/claude-deep-research-skill/scripts/source_evaluator.py
  runtime: null
  scope: project
  owners:
  - 199-biotechnologies/claude-deep-research-skill
  active_owner: 199-biotechnologies/claude-deep-research-skill
  content_hash: sha256:8421efa7b862bb139108e6da40b285706188cb272843bf39082c8b9888d5050e
- kind: project-relative
  target: agent-skills
  value: .agents/skills/claude-deep-research-skill/scripts/validate_report.py
  runtime: null
  scope: project
  owners:
  - 199-biotechnologies/claude-deep-research-skill
  active_owner: 199-biotechnologies/claude-deep-research-skill
  content_hash: sha256:851c1de275c039b8e5858785010181500960b05a9be463cdd6cecd5bbf101aa3
- kind: project-relative
  target: agent-skills
  value: .agents/skills/claude-deep-research-skill/scripts/verify_citations.py
  runtime: null
  scope: project
  owners:
  - 199-biotechnologies/claude-deep-research-skill
  active_owner: 199-biotechnologies/claude-deep-research-skill
  content_hash: sha256:b77a9430aa2c9aec47a88434237879a02db75f87cd35a2429a5d7584f234f6ef
- kind: project-relative
  target: agent-skills
  value: .agents/skills/claude-deep-research-skill/scripts/verify_claim_support.py
  runtime: null
  scope: project
  owners:
  - 199-biotechnologies/claude-deep-research-skill
  active_owner: 199-biotechnologies/claude-deep-research-skill
  content_hash: sha256:b172e88a3844e1ba590a7fc9a9d141ef310f5e628231e77448e9c45a7d881bc8
- kind: project-relative
  target: agent-skills
  value: .agents/skills/claude-deep-research-skill/scripts/verify_html.py
  runtime: null
  scope: project
  owners:
  - 199-biotechnologies/claude-deep-research-skill
  active_owner: 199-biotechnologies/claude-deep-research-skill
  content_hash: sha256:28bbba06906fa2f9bae87ea20b68390ce4f4bc76f00343991a8ad2119e21b36c
- kind: project-relative
  target: agent-skills
  value: .agents/skills/claude-deep-research-skill/templates/mckinsey_report_template.html
  runtime: null
  scope: project
  owners:
  - 199-biotechnologies/claude-deep-research-skill
  active_owner: 199-biotechnologies/claude-deep-research-skill
  content_hash: sha256:6b2d742f5279e78df71543bfb6c4fd88d7ee1c726b54fa945616307b2157c1f1
- kind: project-relative
  target: agent-skills
  value: .agents/skills/claude-deep-research-skill/templates/report_template.md
  runtime: null
  scope: project
  owners:
  - 199-biotechnologies/claude-deep-research-skill
  active_owner: 199-biotechnologies/claude-deep-research-skill
  content_hash: sha256:50788e213c78d42a2fcedbfe153e4c34bbea5b7b978f8646f1b4b5c83ba04115
- kind: project-relative
  target: agent-skills
  value: .agents/skills/claude-deep-research-skill/tests/fixtures/invalid_report.md
  runtime: null
  scope: project
  owners:
  - 199-biotechnologies/claude-deep-research-skill
  active_owner: 199-biotechnologies/claude-deep-research-skill
  content_hash: sha256:9b5177dbd31b80ea1d1e16f159989f232f6b6875dbc7ea7fddf70ba1fd0ad311
- kind: project-relative
  target: agent-skills
  value: .agents/skills/claude-deep-research-skill/tests/fixtures/valid_report.md
  runtime: null
  scope: project
  owners:
  - 199-biotechnologies/claude-deep-research-skill
  active_owner: 199-biotechnologies/claude-deep-research-skill
  content_hash: sha256:e6a24a5deec1ec65279cb446c58f9309a3d6f4e040e37f1bda09c64a73829b5a
- kind: project-relative
  target: agent-skills
  value: .agents/skills/claude-deep-research-skill/tests/test_citation_manager.py
  runtime: null
  scope: project
  owners:
  - 199-biotechnologies/claude-deep-research-skill
  active_owner: 199-biotechnologies/claude-deep-research-skill
  content_hash: sha256:5e882bdd6c32403e95942bab56fb0ef09543468a0a289a336fb01c0453d8fb1e
- kind: project-relative
  target: agent-skills
  value: .agents/skills/claude-deep-research-skill/tests/test_evidence_store.py
  runtime: null
  scope: project
  owners:
  - 199-biotechnologies/claude-deep-research-skill
  active_owner: 199-biotechnologies/claude-deep-research-skill
  content_hash: sha256:2c88f366833808cd7ad89784993eea8ba4c832d560fed6503182e919b339ddfc
- kind: project-relative
  target: agent-skills
  value: .agents/skills/claude-deep-research-skill/tests/test_extract_claims.py
  runtime: null
  scope: project
  owners:
  - 199-biotechnologies/claude-deep-research-skill
  active_owner: 199-biotechnologies/claude-deep-research-skill
  content_hash: sha256:9b6ce7fe815f95b1e238ed3c1ba6e65b22d5bc8abbc4599e50fcf6063692c0d7
- kind: project-relative
  target: agent-skills
  value: .agents/skills/claude-deep-research-skill/tests/test_verify_claim_support.py
  runtime: null
  scope: project
  owners:
  - 199-biotechnologies/claude-deep-research-skill
  active_owner: 199-biotechnologies/claude-deep-research-skill
  content_hash: sha256:5402a8d6ca02fe6cfd3d73b0208191e78e00561ad5932e793ca4bfb88ac4c651
- kind: project-relative
  target: agent-skills
  value: .agents/skills/code-principles
  runtime: null
  scope: project
  owners:
  - wiseiodev/skills/code-principles
  active_owner: wiseiodev/skills/code-principles
  content_hash: null
- kind: project-relative
  target: agent-skills
  value: .agents/skills/code-principles/SKILL.md
  runtime: null
  scope: project
  owners:
  - wiseiodev/skills/code-principles
  active_owner: wiseiodev/skills/code-principles
  content_hash: sha256:e3cff746aac887713bf75a9ab6bdef186b77dadd8faeb4368a0b905fc6c555ec
- kind: project-relative
  target: agent-skills
  value: .agents/skills/code-principles/references/api-design.md
  runtime: null
  scope: project
  owners:
  - wiseiodev/skills/code-principles
  active_owner: wiseiodev/skills/code-principles
  content_hash: sha256:982aeadc4bbe07761d33a35dd864d7f1f3d4021d896e23f29d984061b2a5ac19
- kind: project-relative
  target: agent-skills
  value: .agents/skills/code-principles/references/architecture.md
  runtime: null
  scope: project
  owners:
  - wiseiodev/skills/code-principles
  active_owner: wiseiodev/skills/code-principles
  content_hash: sha256:2ad309b33220fde99f57409ea52ed3af7883c18705cb4f3f39a41b85d16c017e
- kind: project-relative
  target: agent-skills
  value: .agents/skills/code-principles/references/design.md
  runtime: null
  scope: project
  owners:
  - wiseiodev/skills/code-principles
  active_owner: wiseiodev/skills/code-principles
  content_hash: sha256:a04a429a5aaaa8d8bdbd61d7855ee5703b5d629b6af42f3a7c2fbd8e2047c3ee
- kind: project-relative
  target: agent-skills
  value: .agents/skills/code-principles/references/meta.md
  runtime: null
  scope: project
  owners:
  - wiseiodev/skills/code-principles
  active_owner: wiseiodev/skills/code-principles
  content_hash: sha256:7a7e75c6fc19354b831faf2b36ebf223bc36e3c7d0342c5ad3d2704eca303c15
- kind: project-relative
  target: agent-skills
  value: .agents/skills/code-principles/references/react.md
  runtime: null
  scope: project
  owners:
  - wiseiodev/skills/code-principles
  active_owner: wiseiodev/skills/code-principles
  content_hash: sha256:9ce867db4149dcef6e207d655ebead1228067320ac59468ff6db9fcad1ddb963
- kind: project-relative
  target: agent-skills
  value: .agents/skills/code-principles/references/resilience.md
  runtime: null
  scope: project
  owners:
  - wiseiodev/skills/code-principles
  active_owner: wiseiodev/skills/code-principles
  content_hash: sha256:8ce73ed7e1d24651d47103fe648e0223886ed54a535d9b0293aebbf2f1d860dc
- kind: project-relative
  target: agent-skills
  value: .agents/skills/code-principles/references/simplicity.md
  runtime: null
  scope: project
  owners:
  - wiseiodev/skills/code-principles
  active_owner: wiseiodev/skills/code-principles
  content_hash: sha256:58f736749fa1acf5a6095f71fafd195f30f96cc9c11545bfa30762c38132796f
- kind: project-relative
  target: agent-skills
  value: .agents/skills/code-principles/references/solid.md
  runtime: null
  scope: project
  owners:
  - wiseiodev/skills/code-principles
  active_owner: wiseiodev/skills/code-principles
  content_hash: sha256:0e31bcb8a3b195515692200a776d02cd4eaf639dbaccddcd61098f0f33e9070a
- kind: project-relative
  target: agent-skills
  value: .agents/skills/code-principles/references/testing.md
  runtime: null
  scope: project
  owners:
  - wiseiodev/skills/code-principles
  active_owner: wiseiodev/skills/code-principles
  content_hash: sha256:48df5b09557c3b8cb4d9bfc56ff215f6bfe91222012fa62ba301a6dc80dfa22d
