lockfile_version: '1'
generated_at: '2026-08-27T17:18:23.009814+00:00'
apm_version: 0.13.0
dependencies:
- repo_url: 199-biotechnologies/claude-deep-research-skill
  host: github.com
  resolved_commit: f2f2c0fa4e7617ca84c86b63f4bb40f77a746933
  package_type: claude_skill
  deployed_files:
  - .agents/skills/claude-deep-research-skill
  content_hash: sha256:ea1e3a0f58097c73f41654a9934b92c74c05a866e26a89d1947fb27e7eaab325
- repo_url: aiskillstore/marketplace
  host: github.com
  resolved_commit: f8cbc3e373d11bc1cd46ad16ac358a3b66c86dc3
  virtual_path: skills/cygnusfear/writing-clearly-and-concisely
  is_virtual: true
  package_type: claude_skill
  deployed_files:
  - .agents/skills/writing-clearly-and-concisely
  content_hash: sha256:469feab7ebcd7b7d5f637cee186d3cd68f83d0c387e248db189000dfe8f687da
- repo_url: forjd/better-writing
  host: github.com
  resolved_commit: 0f6ea786b644928b2c047cf0407ba6f2f3190c6e
  virtual_path: skills/better-writing
  is_virtual: true
  package_type: claude_skill
  deployed_files:
  - .agents/skills/better-writing
  content_hash: sha256:cdfe239c62ce54e1a45ae93cc48574c5c4219fbb2431bdc3348c41251b7a7351
- repo_url: wiseiodev/skills
  host: github.com
  resolved_commit: ae79570be5fce303716025fa0a70d18459ae2f97
  virtual_path: code-principles
  is_virtual: true
  package_type: claude_skill
  deployed_files:
  - .agents/skills/code-principles
  content_hash: sha256:91e5d974073fe0cf2a2fec514a50700fea0efa4d6fda5613d4d10ee63b52c23f
