lockfile_version: '1'
apm_version: 0.29.1
dependencies:
- repo_url: avdlee/swiftui-agent-skill
  materialization_repo_url: AvdLee/SwiftUI-Agent-Skill
  name: swiftui-expert
  host: github.com
  resolved_commit: 4c6a97d15aa5e023538c3cb06b5192f241dd451d
  version: 4.2.0
  package_type: agent_plugin
  content_hash: sha256:71ea858cc76105eadf1720a712390e0eca7ac2da7ac6b398b57835f654311193
  is_dev: true
  declared_license: MIT
- repo_url: conorluddy/ios-simulator-skill
  name: ios-simulator-skill
  host: github.com
  resolved_commit: e0ee87a884b438632238ef8ab42139797f8638a8
  version: unknown
  virtual_path: ios-simulator-skill/skills/ios-simulator-skill
  is_virtual: true
  package_type: claude_skill
  content_hash: sha256:4d6c14e18411bbe29620b158c178dbdfd1622ab513857abc8d7578b6aed88f9f
  is_dev: true
- repo_url: efremidze/swift-patterns-skill
  name: swift-patterns
  host: github.com
  resolved_commit: 2e9b66b0470a324cf3a6898549279e622aa7df71
  version: 1.0.0
  package_type: apm_package
  content_hash: sha256:80c7b471af5363456b1e055666d70217d9383cd0b0eb37ed147cbc906d34aeb5
  is_dev: true
  declared_license: MIT
deployments: []
