lockfile_version: '1'
apm_version: 0.29.1
dependencies:
- repo_url: mattpocock/skills
  name: mattpocock-skills
  host: github.com
  resolved_commit: 6654f6b60cd9d5be8b54c6fafe44346dabeb3b76
  version: 1.2.3
  package_type: apm_package
  content_hash: sha256:22de78eb0eca8ad3f1830f955999ff588650e1f6bbb1f436236eff4fb0296eda
  is_dev: true
  declared_license: MIT
deployments: []
