lockfile_version: '1'
generated_at: '2026-08-27T17:19:38.147324+00:00'
apm_version: 0.13.0
dependencies:
- repo_url: nextlevelbuilder/ui-ux-pro-max-skill
  host: github.com
  resolved_commit: 8bd29e775453ebcae52b6e6514fbf134df0c5770
  package_type: marketplace_plugin
  deployed_files:
  - .agents/skills/banner-design
  - .agents/skills/brand
  - .agents/skills/design
  - .agents/skills/design-system
  - .agents/skills/slides
  - .agents/skills/ui-styling
  - .agents/skills/ui-ux-pro-max
  content_hash: sha256:608c104e9f2e04d05357cfa4c7a366eae84bb0c8bfcb9b8bc4c5a47c68d73f3c
- repo_url: raintree-technology/apple-hig-skills
  host: github.com
  resolved_commit: e34030c06b7de19627e73ab30defaa6a2cdcc803
  package_type: marketplace_plugin
  deployed_files:
  - .agents/skills/hig-components-content
  - .agents/skills/hig-components-controls
  - .agents/skills/hig-components-dialogs
  - .agents/skills/hig-components-layout
  - .agents/skills/hig-components-menus
  - .agents/skills/hig-components-search
  - .agents/skills/hig-components-status
  - .agents/skills/hig-components-system
  - .agents/skills/hig-foundations
  - .agents/skills/hig-inputs
  - .agents/skills/hig-patterns
  - .agents/skills/hig-platforms
  - .agents/skills/hig-project-context
  - .agents/skills/hig-technologies
  content_hash: sha256:db6d793b82f8093a98285fac8ba2aaf227b7a78efabab05568421a0984775dd4
