lockfile_version: '1'
apm_version: 0.29.1
dependencies:
- repo_url: ar9av/obsidian-wiki
  name: claude-history-ingest
  host: github.com
  resolved_commit: 3f29e56d0ba9a175d7c87b3bb2e99b9cddd2b11a
  version: unknown
  virtual_path: .skills/claude-history-ingest
  is_virtual: true
  package_type: claude_skill
  content_hash: sha256:fe68a568fba5b480577e70732beb8083c28205d4dbc2e1a117ef3f1f12a4ca64
  is_dev: true
- repo_url: ar9av/obsidian-wiki
  name: code-understand
  host: github.com
  resolved_commit: 3f29e56d0ba9a175d7c87b3bb2e99b9cddd2b11a
  version: unknown
  virtual_path: .skills/code-understand
  is_virtual: true
  package_type: claude_skill
  content_hash: sha256:ebcb0449b7f2a2dc8b4eedb7ace66cb1c9100339400ab9dff9e371e9c73364e2
  is_dev: true
- repo_url: ar9av/obsidian-wiki
  name: codex-history-ingest
  host: github.com
  resolved_commit: 3f29e56d0ba9a175d7c87b3bb2e99b9cddd2b11a
  version: unknown
  virtual_path: .skills/codex-history-ingest
  is_virtual: true
  package_type: claude_skill
  content_hash: sha256:99c08d75a1b8297eb05b92a5543c48e1b1b5da8bddee0c84038993e7eb86b0e8
  is_dev: true
- repo_url: ar9av/obsidian-wiki
  name: copilot-history-ingest
  host: github.com
  resolved_commit: 3f29e56d0ba9a175d7c87b3bb2e99b9cddd2b11a
  version: unknown
  virtual_path: .skills/copilot-history-ingest
  is_virtual: true
  package_type: claude_skill
  content_hash: sha256:c231ed68c347eb917f96b7c28124335a0371849ae2a84483c6b4384f3dc19100
  is_dev: true
- repo_url: ar9av/obsidian-wiki
  name: cross-linker
  host: github.com
  resolved_commit: 3f29e56d0ba9a175d7c87b3bb2e99b9cddd2b11a
  version: unknown
  virtual_path: .skills/cross-linker
  is_virtual: true
  package_type: claude_skill
  content_hash: sha256:4eedc1c770f9163be17844a006556ef3562d7c999553ffae8c0083e3ed3f4fc7
  is_dev: true
- repo_url: ar9av/obsidian-wiki
  name: daily-update
  host: github.com
  resolved_commit: 3f29e56d0ba9a175d7c87b3bb2e99b9cddd2b11a
  version: unknown
  virtual_path: .skills/daily-update
  is_virtual: true
  package_type: claude_skill
  content_hash: sha256:f73db6ed7d0d2ba87a83a07053fb6353442cb9d1e82ea489f8b6e0f60a332834
  is_dev: true
- repo_url: ar9av/obsidian-wiki
  name: graph-colorize
  host: github.com
  resolved_commit: 3f29e56d0ba9a175d7c87b3bb2e99b9cddd2b11a
  version: unknown
  virtual_path: .skills/graph-colorize
  is_virtual: true
  package_type: claude_skill
  content_hash: sha256:398c6ebe6bb5f1c0811eb878e909fa0ea0480a3a255270aa0ac6a21dac774f98
  is_dev: true
- repo_url: ar9av/obsidian-wiki
  name: hermes-history-ingest
  host: github.com
  resolved_commit: 3f29e56d0ba9a175d7c87b3bb2e99b9cddd2b11a
  version: unknown
  virtual_path: .skills/hermes-history-ingest
  is_virtual: true
  package_type: claude_skill
  content_hash: sha256:ff43dc6f40326498de18ba96920dcca8a5c793185ceb4f72b4441e8283423505
  is_dev: true
- repo_url: ar9av/obsidian-wiki
  name: impl-validator
  host: github.com
  resolved_commit: 3f29e56d0ba9a175d7c87b3bb2e99b9cddd2b11a
  version: unknown
  virtual_path: .skills/impl-validator
  is_virtual: true
  package_type: claude_skill
  content_hash: sha256:383de88490404b4eb7e28ce184702c46bab4ea8bf54928eb296df6cbdb286ce2
  is_dev: true
- repo_url: ar9av/obsidian-wiki
  name: llm-wiki
  host: github.com
  resolved_commit: 3f29e56d0ba9a175d7c87b3bb2e99b9cddd2b11a
  version: unknown
  virtual_path: .skills/llm-wiki
  is_virtual: true
  package_type: claude_skill
  content_hash: sha256:d383c1b40ffb3400241af81b75dbaf9ea7c0219a948dfa1a62d8b45fab280d69
  is_dev: true
- repo_url: ar9av/obsidian-wiki
  name: memory-bridge
  host: github.com
  resolved_commit: 3f29e56d0ba9a175d7c87b3bb2e99b9cddd2b11a
  version: unknown
  virtual_path: .skills/memory-bridge
  is_virtual: true
  package_type: claude_skill
  content_hash: sha256:c3c582dc61ed7e239e860b2b1fe5b0ee66aa49b601454128e7a8c467654aabcb
  is_dev: true
- repo_url: ar9av/obsidian-wiki
  name: obsidian-layout-adjustment
  host: github.com
  resolved_commit: 3f29e56d0ba9a175d7c87b3bb2e99b9cddd2b11a
  version: unknown
  virtual_path: .skills/obsidian-layout-adjustment
  is_virtual: true
  package_type: claude_skill
  content_hash: sha256:5f92e16bc2e3c90197957f1a88bccd54b77c2c2f7a23d0d45cb1e44131e20a27
  is_dev: true
- repo_url: ar9av/obsidian-wiki
  name: openclaw-history-ingest
  host: github.com
  resolved_commit: 3f29e56d0ba9a175d7c87b3bb2e99b9cddd2b11a
  version: unknown
  virtual_path: .skills/openclaw-history-ingest
  is_virtual: true
  package_type: claude_skill
  content_hash: sha256:63ffda0c89520d7588d9bb649420500a3eaea47c56e62ff38a3cc3bf784c0a6c
  is_dev: true
- repo_url: ar9av/obsidian-wiki
  name: pi-history-ingest
  host: github.com
  resolved_commit: 3f29e56d0ba9a175d7c87b3bb2e99b9cddd2b11a
  version: unknown
  virtual_path: .skills/pi-history-ingest
  is_virtual: true
  package_type: claude_skill
  content_hash: sha256:89a2c1ff99b7676bd96c704faa843ed5bda3d8214d01863e757f4a9e616d193d
  is_dev: true
- repo_url: ar9av/obsidian-wiki
  name: session-brain
  host: github.com
  resolved_commit: 3f29e56d0ba9a175d7c87b3bb2e99b9cddd2b11a
  version: unknown
  virtual_path: .skills/session-brain
  is_virtual: true
  package_type: claude_skill
  content_hash: sha256:91dc0b5d6020035fb48448e1b1a3abc43de363e953306302637ec33bae6482a2
  is_dev: true
- repo_url: ar9av/obsidian-wiki
  name: session-search
  host: github.com
  resolved_commit: 3f29e56d0ba9a175d7c87b3bb2e99b9cddd2b11a
  version: unknown
  virtual_path: .skills/session-search
  is_virtual: true
  package_type: claude_skill
  content_hash: sha256:9811c5e5be4d1edbcbd3da15aab9c59c33cae2cd79c01da0b9f337e790777b04
  is_dev: true
- repo_url: ar9av/obsidian-wiki
  name: skill-creator
  host: github.com
  resolved_commit: 3f29e56d0ba9a175d7c87b3bb2e99b9cddd2b11a
  version: unknown
  virtual_path: .skills/skill-creator
  is_virtual: true
  package_type: claude_skill
  content_hash: sha256:ad480cdd4a4b5886cb7d35c2055d4b9005babe15d80ace54d90f4259f3bf3257
  is_dev: true
- repo_url: ar9av/obsidian-wiki
  name: tag-taxonomy
  host: github.com
  resolved_commit: 3f29e56d0ba9a175d7c87b3bb2e99b9cddd2b11a
  version: unknown
  virtual_path: .skills/tag-taxonomy
  is_virtual: true
  package_type: claude_skill
  content_hash: sha256:8c8e0a8de83dd7004fa014b5a47d10a1541b428b28b6e81cf4595e97b7eca21b
  is_dev: true
- repo_url: ar9av/obsidian-wiki
  name: vault-skill-factory
  host: github.com
  resolved_commit: 3f29e56d0ba9a175d7c87b3bb2e99b9cddd2b11a
  version: unknown
  virtual_path: .skills/vault-skill-factory
  is_virtual: true
  package_type: claude_skill
  content_hash: sha256:56bea5ac6476b3f963ea9b02d5937694d716d60d93b36f3ed70e6f7fbfb220cb
  is_dev: true
- repo_url: ar9av/obsidian-wiki
  name: wiki-agent
  host: github.com
  resolved_commit: 3f29e56d0ba9a175d7c87b3bb2e99b9cddd2b11a
  version: unknown
  virtual_path: .skills/wiki-agent
  is_virtual: true
  package_type: claude_skill
  content_hash: sha256:cf55a9000ab33d91fd22e50ba1432e71461f2839b889afc196a16c29fb0bf967
  is_dev: true
- repo_url: ar9av/obsidian-wiki
  name: wiki-capture
  host: github.com
  resolved_commit: 3f29e56d0ba9a175d7c87b3bb2e99b9cddd2b11a
  version: unknown
  virtual_path: .skills/wiki-capture
  is_virtual: true
  package_type: claude_skill
  content_hash: sha256:1fe72341c22515101dd24583986adb3a9305b2ae2a33b08d0f3011edda83a98e
  is_dev: true
- repo_url: ar9av/obsidian-wiki
  name: wiki-context-pack
  host: github.com
  resolved_commit: 3f29e56d0ba9a175d7c87b3bb2e99b9cddd2b11a
  version: unknown
  virtual_path: .skills/wiki-context-pack
  is_virtual: true
  package_type: claude_skill
  content_hash: sha256:49355e120b6e76c4f1561b033d9ec7b9dff50f038d12cfd45029fee98130f780
  is_dev: true
- repo_url: ar9av/obsidian-wiki
  name: wiki-dashboard
  host: github.com
  resolved_commit: 3f29e56d0ba9a175d7c87b3bb2e99b9cddd2b11a
  version: unknown
  virtual_path: .skills/wiki-dashboard
  is_virtual: true
  package_type: claude_skill
  content_hash: sha256:a0f16aed2d9c86f67e65355c6193e75e5ef96ed879afe6230cf97785db3a8022
  is_dev: true
- repo_url: ar9av/obsidian-wiki
  name: wiki-dedup
  host: github.com
  resolved_commit: 3f29e56d0ba9a175d7c87b3bb2e99b9cddd2b11a
  version: unknown
  virtual_path: .skills/wiki-dedup
  is_virtual: true
  package_type: claude_skill
  content_hash: sha256:944bd08fb847e8d3d67751347689aed743bc1e11cdef941d2280ac8763a3239a
  is_dev: true
- repo_url: ar9av/obsidian-wiki
  name: wiki-digest
  host: github.com
  resolved_commit: 3f29e56d0ba9a175d7c87b3bb2e99b9cddd2b11a
  version: unknown
  virtual_path: .skills/wiki-digest
  is_virtual: true
  package_type: claude_skill
  content_hash: sha256:961d575d3ba9f1c066512cd66b6cd559cbc76540482b21b62bdad2d17c2e26dc
  is_dev: true
- repo_url: ar9av/obsidian-wiki
  name: wiki-export
  host: github.com
  resolved_commit: 3f29e56d0ba9a175d7c87b3bb2e99b9cddd2b11a
  version: unknown
  virtual_path: .skills/wiki-export
  is_virtual: true
  package_type: claude_skill
  content_hash: sha256:3d3d13d4463b828cdcc91275121b50522de010446d571f52a98a5dbba76d591e
  is_dev: true
- repo_url: ar9av/obsidian-wiki
  name: wiki-history-ingest
  host: github.com
  resolved_commit: 3f29e56d0ba9a175d7c87b3bb2e99b9cddd2b11a
  version: unknown
  virtual_path: .skills/wiki-history-ingest
  is_virtual: true
  package_type: claude_skill
  content_hash: sha256:f5fa71e200547f7af2e35e57523330d2eab274a17c727c02de8f73261a390fbe
  is_dev: true
- repo_url: ar9av/obsidian-wiki
  name: wiki-import
  host: github.com
  resolved_commit: 3f29e56d0ba9a175d7c87b3bb2e99b9cddd2b11a
  version: unknown
  virtual_path: .skills/wiki-import
  is_virtual: true
  package_type: claude_skill
  content_hash: sha256:032e1276ec7458e14a02ac99c88ccd6006ad0283c25d823183fb3e3394fc3af1
  is_dev: true
- repo_url: ar9av/obsidian-wiki
  name: wiki-ingest
  host: github.com
  resolved_commit: 3f29e56d0ba9a175d7c87b3bb2e99b9cddd2b11a
  version: unknown
  virtual_path: .skills/wiki-ingest
  is_virtual: true
  package_type: claude_skill
  content_hash: sha256:e925b126b3ffc676a9d61257aac9d270ede6dc9d9e95ae0a301fb37682580cf9
  is_dev: true
- repo_url: ar9av/obsidian-wiki
  name: wiki-lint
  host: github.com
  resolved_commit: 3f29e56d0ba9a175d7c87b3bb2e99b9cddd2b11a
  version: unknown
  virtual_path: .skills/wiki-lint
  is_virtual: true
  package_type: claude_skill
  content_hash: sha256:2309dee8cc4a905009f4ea8827793376340fde92d76046879507f8c094b2cfcb
  is_dev: true
- repo_url: ar9av/obsidian-wiki
  name: wiki-narrate
  host: github.com
  resolved_commit: 3f29e56d0ba9a175d7c87b3bb2e99b9cddd2b11a
  version: unknown
  virtual_path: .skills/wiki-narrate
  is_virtual: true
  package_type: claude_skill
  content_hash: sha256:a503108745872934ab7497602f33083aac12ef96c5923aad355562ff3facbd6a
  is_dev: true
- repo_url: ar9av/obsidian-wiki
  name: wiki-query
  host: github.com
  resolved_commit: 3f29e56d0ba9a175d7c87b3bb2e99b9cddd2b11a
  version: unknown
  virtual_path: .skills/wiki-query
  is_virtual: true
  package_type: claude_skill
  content_hash: sha256:851684f50165a72758abe5cbf7d198422ae28e92b11bdbd2cba8f794dc7237a2
  is_dev: true
- repo_url: ar9av/obsidian-wiki
  name: wiki-rebuild
  host: github.com
  resolved_commit: 3f29e56d0ba9a175d7c87b3bb2e99b9cddd2b11a
  version: unknown
  virtual_path: .skills/wiki-rebuild
  is_virtual: true
  package_type: claude_skill
  content_hash: sha256:4ff2971f31e5a5587dffa8a97435d52e3ca98f9eeecd0db61eb410ac15ea8639
  is_dev: true
- repo_url: ar9av/obsidian-wiki
  name: wiki-research
  host: github.com
  resolved_commit: 3f29e56d0ba9a175d7c87b3bb2e99b9cddd2b11a
  version: unknown
  virtual_path: .skills/wiki-research
  is_virtual: true
  package_type: claude_skill
  content_hash: sha256:f7d0f44df8641201b4448231eea403592b13d99a6af31b025f4117a2506fc14c
  is_dev: true
- repo_url: ar9av/obsidian-wiki
  name: wiki-setup
  host: github.com
  resolved_commit: 3f29e56d0ba9a175d7c87b3bb2e99b9cddd2b11a
  version: unknown
  virtual_path: .skills/wiki-setup
  is_virtual: true
  package_type: claude_skill
  content_hash: sha256:21ee3564f48725b6ad4bfea145696e5697e97f78f3862e057a558acf4859bb7a
  is_dev: true
- repo_url: ar9av/obsidian-wiki
  name: wiki-stage-commit
  host: github.com
  resolved_commit: 3f29e56d0ba9a175d7c87b3bb2e99b9cddd2b11a
  version: unknown
  virtual_path: .skills/wiki-stage-commit
  is_virtual: true
  package_type: claude_skill
  content_hash: sha256:3e759bb763162c118e1ffb01237cff65938b67f495d3645d681760f9553009db
  is_dev: true
- repo_url: ar9av/obsidian-wiki
  name: wiki-status
  host: github.com
  resolved_commit: 3f29e56d0ba9a175d7c87b3bb2e99b9cddd2b11a
  version: unknown
  virtual_path: .skills/wiki-status
  is_virtual: true
  package_type: claude_skill
  content_hash: sha256:8e7e056a5155ae195f4bbf2e77b57cbd75cc376d7b321271cab34ce14a35cee6
  is_dev: true
- repo_url: ar9av/obsidian-wiki
  name: wiki-switch
  host: github.com
  resolved_commit: 3f29e56d0ba9a175d7c87b3bb2e99b9cddd2b11a
  version: unknown
  virtual_path: .skills/wiki-switch
  is_virtual: true
  package_type: claude_skill
  content_hash: sha256:060cc649f23e8a07b4897e40664bad80c749d0ece45d6c451e4da32934a29010
  is_dev: true
- repo_url: ar9av/obsidian-wiki
  name: wiki-synthesize
  host: github.com
  resolved_commit: 3f29e56d0ba9a175d7c87b3bb2e99b9cddd2b11a
  version: unknown
  virtual_path: .skills/wiki-synthesize
  is_virtual: true
  package_type: claude_skill
  content_hash: sha256:2a307384eaeec6e3e687f7f461f8437b326afe29ab556b91f7d684b6d8883640
  is_dev: true
- repo_url: ar9av/obsidian-wiki
  name: wiki-update
  host: github.com
  resolved_commit: 3f29e56d0ba9a175d7c87b3bb2e99b9cddd2b11a
  version: unknown
  virtual_path: .skills/wiki-update
  is_virtual: true
  package_type: claude_skill
  content_hash: sha256:b631730c6f947016a1d0757cb2195e59c7ed69ac352acbfb26202279cb26487c
  is_dev: true
- repo_url: kepano/obsidian-skills
  name: obsidian
  host: github.com
  resolved_commit: a1dc48e68138490d522c04cbf5822214c6eb1202
  version: 1.0.1
  package_type: skill_bundle
  content_hash: sha256:7864d9126eb160d9a653ba2e81d2d10f26962ddd2bb632d6e26c93311b63235f
  is_dev: true
  declared_license: MIT
deployments: []
