lockfile_version: '1'
apm_version: 0.29.1
dependencies:
- repo_url: nextlevelbuilder/ui-ux-pro-max-skill
  name: ui-ux-pro-max
  host: github.com
  resolved_commit: 58c220ff9d02be80523b06c03471925c52e8ab5d
  version: 2.13.0
  package_type: apm_package
  content_hash: sha256:a07b91470b5a5123f07221a5d00538bca64fb9bfb75f4d09fcdc8a16382c94cd
  is_dev: true
  declared_license: MIT
- repo_url: raintree-technology/apple-hig-skills
  name: 74c74f57bb5e57bffe13b27be1fff37c97e7d63bab9cde9131d2c5204d0619dc
  host: github.com
  resolved_commit: 307eafc70736f27664bcdca3d55ed9ed6c1210ab
  version: 307eafc
  package_type: skill_bundle
  content_hash: sha256:1ef1a859f17cecac1cf7010f6cfe2a772bbf7f65e6339cf3db8ee3488a2b3402
  is_dev: true
deployments: []
