github.com/ankitpokhrel/jira-cli v1.3.0 h1:1Y/i6/E3kQaziKixhqCJv79rrHNnC9+ly0fs+F95x2k=
github.com/ankitpokhrel/jira-cli v1.3.0/go.mod h1:Tyc1sJg3fwWrHkeyELCHT0HKZaB+SAs4tuI0KyEcc84=
github.com/davecgh/go-spew v1.1.1 h1:vj9j/u1bqnvCEfJOwUhtlOARqs3+rkHYY13jYWTU97c=
github.com/kentaro-m/blackfriday-confluence v0.0.0-20220126124413-8e85477b49b3 h1:BCMUqjR9XyAWI5JVSJpQFQR1iYYHvwcVuapyqAAuHtE=
github.com/kentaro-m/blackfriday-confluence v0.0.0-20220126124413-8e85477b49b3/go.mod h1:zjuRVWzEu6vFREk0vbFj6P1pKji/mU73UpQ0MA9BOSo=
github.com/pmezard/go-difflib v1.0.0 h1:4DBwDE0NGyQoBHbLQYPwSUPoCMWR5BEzIk/f1lZbAQM=
github.com/russross/blackfriday/v2 v2.0.1/go.mod h1:+Rmxgy9KzJVeS9/2gXHxylqXiyQDYRxCVz55jmeOWTM=
github.com/russross/blackfriday/v2 v2.1.0 h1:JIOH55/0cWyOuilr9/qlrm0BSXldqnqwMsf35Ld67mk=
github.com/russross/blackfriday/v2 v2.1.0/go.mod h1:+Rmxgy9KzJVeS9/2gXHxylqXiyQDYRxCVz55jmeOWTM=
github.com/shurcooL/sanitized_anchor_name v1.0.0/go.mod h1:1NzhyTcUVG4SuEtjjoZeVRXNmyL/1OwPU0+IJeTBvfc=
github.com/stretchr/testify v1.8.1 h1:w7B6lhMri9wdJUVmEZPGGhZzrYTPvgJArz7wNPgYKsk=
gopkg.in/yaml.v3 v3.0.1 h1:fxVm/GzAzEWqLHuvctI91KS9hhNmmWOoWu0XTYJS7CA=
