lockfile_version: '1'
generated_at: '2026-08-27T17:20:21.356669+00:00'
apm_version: 0.13.0
dependencies:
- repo_url: mattpocock/skills
  host: github.com
  resolved_commit: 6654f6b60cd9d5be8b54c6fafe44346dabeb3b76
  package_type: marketplace_plugin
  deployed_files:
  - .agents/skills/ask-matt
  - .agents/skills/code-review
  - .agents/skills/codebase-design
  - .agents/skills/diagnosing-bugs
  - .agents/skills/domain-modeling
  - .agents/skills/grill-me
  - .agents/skills/grill-with-docs
  - .agents/skills/grilling
  - .agents/skills/handoff
  - .agents/skills/implement
  - .agents/skills/improve-codebase-architecture
  - .agents/skills/prototype
  - .agents/skills/research
  - .agents/skills/resolving-merge-conflicts
  - .agents/skills/setup-matt-pocock-skills
  - .agents/skills/tdd
  - .agents/skills/teach
  - .agents/skills/to-questionnaire
  - .agents/skills/to-spec
  - .agents/skills/to-tickets
  - .agents/skills/triage
  - .agents/skills/wait-what
  - .agents/skills/wayfinder
  - .agents/skills/wizard
  - .agents/skills/writing-for-agents
  content_hash: sha256:30aaf1538e75a717db8608778e06e1c47ce38578f46fe88e53e599818cf30c9f
