lockfile_version: '1'
apm_version: 0.29.1
dependencies:
- repo_url: openclaw/acpx
  name: acpx
  host: github.com
  resolved_commit: 95a9466b9b80603198cd448c62c80c08bb0c5558
  version: unknown
  virtual_path: skills/acpx
  is_virtual: true
  package_type: claude_skill
  content_hash: sha256:b264a4358e5fa79a994439cc10feeffdd70e8c833999117fc88186acaaf6a889
  is_dev: true
- repo_url: stablyai/agent-slack
  name: agent-slack
  host: github.com
  resolved_commit: dba40572624ef0b81a325fe8b876c7649aa7895f
  version: unknown
  virtual_path: skills/agent-slack
  is_virtual: true
  package_type: claude_skill
  content_hash: sha256:200245b9c3a868a39999a85de7c0b05a4dd7c33498552b745b3b01b4a8da2e47
  is_dev: true
- repo_url: stablyai/orca
  name: orca-cli
  host: github.com
  resolved_commit: 9cda5a9dc01fedeb5aaa90ea68f572f1a9db3606
  version: unknown
  virtual_path: skills/orca-cli
  is_virtual: true
  package_type: claude_skill
  content_hash: sha256:83ece910d035d0684195095bb9df5911a028002b2efba1ebbeb4ae66de5e0903
  is_dev: true
- repo_url: stablyai/orca
  name: orchestration
  host: github.com
  resolved_commit: 9cda5a9dc01fedeb5aaa90ea68f572f1a9db3606
  version: unknown
  virtual_path: skills/orchestration
  is_virtual: true
  package_type: claude_skill
  content_hash: sha256:e611e8065f08f308823d063bb3cd8d4e283242202456b8a3e80058b2f59f0c3a
  is_dev: true
deployments: []
